
Microsoft Visual Studio Solution File, Format Version 12.00
# Visual Studio Version 17
VisualStudioVersion = 17.4.33213.308
MinimumVisualStudioVersion = 10.0.40219.1
Project("{FAE04EC0-301F-11D3-BF4B-00C04F79EFBC}") = "ShowPressedKeyOnScreen", "ShowPressedKeyOnScreen.csproj", "{FAB0D866-A211-4D2B-83DA-14EB34CE623F}"
EndProject
Global
	GlobalSection(SolutionConfigurationPlatforms) = preSolution
		Debug|Any CPU = Debug|Any CPU
		Release|Any CPU = Release|Any CPU
	EndGlobalSection
	GlobalSection(ProjectConfigurationPlatforms) = postSolution
		{FAB0D866-A211-4D2B-83DA-14EB34CE623F}.Debug|Any CPU.ActiveCfg = Debug|Any CPU
		{FAB0D866-A211-4D2B-83DA-14EB34CE623F}.Debug|Any CPU.Build.0 = Debug|Any CPU
		{FAB0D866-A211-4D2B-83DA-14EB34CE623F}.Release|Any CPU.ActiveCfg = Release|Any CPU
		{FAB0D866-A211-4D2B-83DA-14EB34CE623F}.Release|Any CPU.Build.0 = Release|Any CPU
	EndGlobalSection
	GlobalSection(SolutionProperties) = preSolution
		HideSolutionNode = FALSE
	EndGlobalSection
	GlobalSection(ExtensibilityGlobals) = postSolution
		SolutionGuid = {E78EAB87-F255-43E9-AD02-B90039802331}
	EndGlobalSection
EndGlobal
